
Microsoft Visual Studio Solution File, Format Version 12.00
# Visual Studio Version 16
VisualStudioVersion = 16.0.31911.196
MinimumVisualStudioVersion = 10.0.40219.1
Project("{FAE04EC0-301F-11D3-BF4B-00C04F79EFBC}") = "DemoPush", "DemoPush.csproj", "{4D97E33F-6F91-4F7E-AB97-9B708156572E}"
EndProject
Global
	GlobalSection(SolutionConfigurationPlatforms) = preSolution
		Debug|Any CPU = Debug|Any CPU
		Release|Any CPU = Release|Any CPU
	EndGlobalSection
	GlobalSection(ProjectConfigurationPlatforms) = postSolution
		{4D97E33F-6F91-4F7E-AB97-9B708156572E}.Debug|Any CPU.ActiveCfg = Debug|Any CPU
		{4D97E33F-6F91-4F7E-AB97-9B708156572E}.Debug|Any CPU.Build.0 = Debug|Any CPU
		{4D97E33F-6F91-4F7E-AB97-9B708156572E}.Release|Any CPU.ActiveCfg = Release|Any CPU
		{4D97E33F-6F91-4F7E-AB97-9B708156572E}.Release|Any CPU.Build.0 = Release|Any CPU
	EndGlobalSection
	GlobalSection(SolutionProperties) = preSolution
		HideSolutionNode = FALSE
	EndGlobalSection
	GlobalSection(ExtensibilityGlobals) = postSolution
		SolutionGuid = {EDA2D8D3-152C-4BCB-A787-1EBB5A0F836A}
	EndGlobalSection
EndGlobal
